// !$*UTF8*$!
{
	archiveVersion = 1;
	classes = {
	};
	objectVersion = 77;
	objects = {

/* Begin PBXBuildFile section */
		22D9884D2D6A291800C17019 /* FavoritesView.swift in Sources */ = {isa = PBXBuildFile; fileRef = 22D9884C2D6A291800C17019 /* FavoritesView.swift */; };
		22E4D1072D68A5860028AE49 /* RestaurantRow.swift in Sources */ = {isa = PBXBuildFile; fileRef = 22E4D1002D68A5860028AE49 /* RestaurantRow.swift */; };
		22E4D1082D68A5860028AE49 /* UserManager.swift in Sources */ = {isa = PBXBuildFile; fileRef = 22E4D1042D68A5860028AE49 /* UserManager.swift */; };
		22E4D1092D68A5860028AE49 /* RestaurantDetailView.swift in Sources */ = {isa = PBXBuildFile; fileRef = 22E4D0FE2D68A5860028AE49 /* RestaurantDetailView.swift */; };
		22E4D10A2D68A5860028AE49 /* OrderView.swift in Sources */ = {isa = PBXBuildFile; fileRef = 22E4D0F42D68A5860028AE49 /* OrderView.swift */; };
		22E4D10B2D68A5860028AE49 /* Menu.swift in Sources */ = {isa = PBXBuildFile; fileRef = 22E4D0F02D68A5860028AE49 /* Menu.swift */; };
		22E4D10C2D68A5860028AE49 /* Review.swift in Sources */ = {isa = PBXBuildFile; fileRef = 22E4D1022D68A5860028AE49 /* Review.swift */; };
		22E4D10D2D68A5860028AE49 /* Dish.swift in Sources */ = {isa = PBXBuildFile; fileRef = 22E4D0EE2D68A5860028AE49 /* Dish.swift */; };
		22E4D10E2D68A5860028AE49 /* Order.swift in Sources */ = {isa = PBXBuildFile; fileRef = 22E4D0F22D68A5860028AE49 /* Order.swift */; };
		22E4D10F2D68A5860028AE49 /* RestaurantListView.swift in Sources */ = {isa = PBXBuildFile; fileRef = 22E4D0FF2D68A5860028AE49 /* RestaurantListView.swift */; };
		22E4D1102D68A5860028AE49 /* RestaurantViewModel.swift in Sources */ = {isa = PBXBuildFile; fileRef = 22E4D1012D68A5860028AE49 /* RestaurantViewModel.swift */; };
		22E4D1112D68A5860028AE49 /* ProfileView.swift in Sources */ = {isa = PBXBuildFile; fileRef = 22E4D0F72D68A5860028AE49 /* ProfileView.swift */; };
		22E4D1122D68A5860028AE49 /* Restaurant.swift in Sources */ = {isa = PBXBuildFile; fileRef = 22E4D0F92D68A5860028AE49 /* Restaurant.swift */; };
		22E4D1132D68A5860028AE49 /* User.swift in Sources */ = {isa = PBXBuildFile; fileRef = 22E4D1032D68A5860028AE49 /* User.swift */; };
		22E4D1142D68A5860028AE49 /* MainTabView.swift in Sources */ = {isa = PBXBuildFile; fileRef = 22E4D0EF2D68A5860028AE49 /* MainTabView.swift */; };
		22E4D1152D68A5860028AE49 /* MenuView.swift in Sources */ = {isa = PBXBuildFile; fileRef = 22E4D0F12D68A5860028AE49 /* MenuView.swift */; };
		22E4D1162D68A5860028AE49 /* RestaurantApp.swift in Sources */ = {isa = PBXBuildFile; fileRef = 22E4D0FC2D68A5860028AE49 /* RestaurantApp.swift */; };
		22E4D1172D68A5860028AE49 /* OrderManager.swift in Sources */ = {isa = PBXBuildFile; fileRef = 22E4D0F32D68A5860028AE49 /* OrderManager.swift */; };
		22E4D1182D68A5860028AE49 /* README.md in Resources */ = {isa = PBXBuildFile; fileRef = 22E4D0F82D68A5860028AE49 /* README.md */; };
		22E4D1192D68A5860028AE49 /* Assets.xcassets in Resources */ = {isa = PBXBuildFile; fileRef = 22E4D0ED2D68A5860028AE49 /* Assets.xcassets */; };
		22E4D11A2D68A5860028AE49 /* Preview Assets.xcassets in Resources */ = {isa = PBXBuildFile; fileRef = 22E4D0F52D68A5860028AE49 /* Preview Assets.xcassets */; };
		22E4D11B2D68A5860028AE49 /* .gitignore in Resources */ = {isa = PBXBuildFile; fileRef = 22E4D0FA2D68A5860028AE49 /* .gitignore */; };
/* End PBXBuildFile section */

/* Begin PBXFileReference section */
		2218EA852D64AA3900CE14F6 /* RestaurantApp.app */ = {isa = PBXFileReference; explicitFileType = wrapper.application; includeInIndex = 0; path = RestaurantApp.app; sourceTree = BUILT_PRODUCTS_DIR; };
		22D9884C2D6A291800C17019 /* FavoritesView.swift */ = {isa = PBXFileReference; lastKnownFileType = sourcecode.swift; path = FavoritesView.swift; sourceTree = "<group>"; };
		22E4D0ED2D68A5860028AE49 /* Assets.xcassets */ = {isa = PBXFileReference; lastKnownFileType = folder.assetcatalog; path = Assets.xcassets; sourceTree = "<group>"; };
		22E4D0EE2D68A5860028AE49 /* Dish.swift */ = {isa = PBXFileReference; lastKnownFileType = sourcecode.swift; path = Dish.swift; sourceTree = "<group>"; };
		22E4D0EF2D68A5860028AE49 /* MainTabView.swift */ = {isa = PBXFileReference; lastKnownFileType = sourcecode.swift; path = MainTabView.swift; sourceTree = "<group>"; };
		22E4D0F02D68A5860028AE49 /* Menu.swift */ = {isa = PBXFileReference; lastKnownFileType = sourcecode.swift; path = Menu.swift; sourceTree = "<group>"; };
		22E4D0F12D68A5860028AE49 /* MenuView.swift */ = {isa = PBXFileReference; lastKnownFileType = sourcecode.swift; path = MenuView.swift; sourceTree = "<group>"; };
		22E4D0F22D68A5860028AE49 /* Order.swift */ = {isa = PBXFileReference; lastKnownFileType = sourcecode.swift; path = Order.swift; sourceTree = "<group>"; };
		22E4D0F32D68A5860028AE49 /* OrderManager.swift */ = {isa = PBXFileReference; lastKnownFileType = sourcecode.swift; path = OrderManager.swift; sourceTree = "<group>"; };
		22E4D0F42D68A5860028AE49 /* OrderView.swift */ = {isa = PBXFileReference; lastKnownFileType = sourcecode.swift; path = OrderView.swift; sourceTree = "<group>"; };
		22E4D0F52D68A5860028AE49 /* Preview Assets.xcassets */ = {isa = PBXFileReference; lastKnownFileType = folder.assetcatalog; path = "Preview Assets.xcassets"; sourceTree = "<group>"; };
		22E4D0F72D68A5860028AE49 /* ProfileView.swift */ = {isa = PBXFileReference; lastKnownFileType = sourcecode.swift; path = ProfileView.swift; sourceTree = "<group>"; };
		22E4D0F82D68A5860028AE49 /* README.md */ = {isa = PBXFileReference; lastKnownFileType = net.daringfireball.markdown; path = README.md; sourceTree = "<group>"; };
		22E4D0F92D68A5860028AE49 /* Restaurant.swift */ = {isa = PBXFileReference; lastKnownFileType = sourcecode.swift; path = Restaurant.swift; sourceTree = "<group>"; };
		22E4D0FA2D68A5860028AE49 /* .gitignore */ = {isa = PBXFileReference; lastKnownFileType = text; path = .gitignore; sourceTree = "<group>"; };
		22E4D0FC2D68A5860028AE49 /* RestaurantApp.swift */ = {isa = PBXFileReference; lastKnownFileType = sourcecode.swift; path = RestaurantApp.swift; sourceTree = "<group>"; };
		22E4D0FE2D68A5860028AE49 /* RestaurantDetailView.swift */ = {isa = PBXFileReference; lastKnownFileType = sourcecode.swift; path = RestaurantDetailView.swift; sourceTree = "<group>"; };
		22E4D0FF2D68A5860028AE49 /* RestaurantListView.swift */ = {isa = PBXFileReference; lastKnownFileType = sourcecode.swift; path = RestaurantListView.swift; sourceTree = "<group>"; };
		22E4D1002D68A5860028AE49 /* RestaurantRow.swift */ = {isa = PBXFileReference; lastKnownFileType = sourcecode.swift; path = RestaurantRow.swift; sourceTree = "<group>"; };
		22E4D1012D68A5860028AE49 /* RestaurantViewModel.swift */ = {isa = PBXFileReference; lastKnownFileType = sourcecode.swift; path = RestaurantViewModel.swift; sourceTree = "<group>"; };
		22E4D1022D68A5860028AE49 /* Review.swift */ = {isa = PBXFileReference; lastKnownFileType = sourcecode.swift; path = Review.swift; sourceTree = "<group>"; };
		22E4D1032D68A5860028AE49 /* User.swift */ = {isa = PBXFileReference; lastKnownFileType = sourcecode.swift; path = User.swift; sourceTree = "<group>"; };
		22E4D1042D68A5860028AE49 /* UserManager.swift */ = {isa = PBXFileReference; lastKnownFileType = sourcecode.swift; path = UserManager.swift; sourceTree = "<group>"; };
/* End PBXFileReference section */

/* Begin PBXFileSystemSynchronizedRootGroup section */
		2218EA872D64AA3900CE14F6 /* RestaurantApp */ = {
			isa = PBXFileSystemSynchronizedRootGroup;
			path = RestaurantApp;
			sourceTree = "<group>";
		};
/* End PBXFileSystemSynchronizedRootGroup section */

/* Begin PBXFrameworksBuildPhase section */
		2218EA822D64AA3900CE14F6 /* Frameworks */ = {
			isa = PBXFrameworksBuildPhase;
			buildActionMask = 2147483647;
			files = (
			);
			runOnlyForDeploymentPostprocessing = 0;
		};
/* End PBXFrameworksBuildPhase section */

/* Begin PBXGroup section */
		2218EA7C2D64AA3900CE14F6 = {
			isa = PBXGroup;
			children = (
				22D9884C2D6A291800C17019 /* FavoritesView.swift */,
				22E4D0ED2D68A5860028AE49 /* Assets.xcassets */,
				22E4D0EE2D68A5860028AE49 /* Dish.swift */,
				22E4D0EF2D68A5860028AE49 /* MainTabView.swift */,
				22E4D0F02D68A5860028AE49 /* Menu.swift */,
				22E4D0F12D68A5860028AE49 /* MenuView.swift */,
				22E4D0F22D68A5860028AE49 /* Order.swift */,
				22E4D0F32D68A5860028AE49 /* OrderManager.swift */,
				22E4D0F42D68A5860028AE49 /* OrderView.swift */,
				22E4D0F62D68A5860028AE49 /* Preview Content */,
				22E4D0F72D68A5860028AE49 /* ProfileView.swift */,
				22E4D0F82D68A5860028AE49 /* README.md */,
				22E4D0F92D68A5860028AE49 /* Restaurant.swift */,
				22E4D0FB2D68A5860028AE49 /* RestaurantApp */,
				22E4D0FC2D68A5860028AE49 /* RestaurantApp.swift */,
				22E4D0FE2D68A5860028AE49 /* RestaurantDetailView.swift */,
				22E4D0FF2D68A5860028AE49 /* RestaurantListView.swift */,
				22E4D1002D68A5860028AE49 /* RestaurantRow.swift */,
				22E4D1012D68A5860028AE49 /* RestaurantViewModel.swift */,
				22E4D1022D68A5860028AE49 /* Review.swift */,
				22E4D1032D68A5860028AE49 /* User.swift */,
				22E4D1042D68A5860028AE49 /* UserManager.swift */,
				2218EA872D64AA3900CE14F6 /* RestaurantApp */,
				2218EA862D64AA3900CE14F6 /* Products */,
			);
			sourceTree = "<group>";
		};
		2218EA862D64AA3900CE14F6 /* Products */ = {
			isa = PBXGroup;
			children = (
				2218EA852D64AA3900CE14F6 /* RestaurantApp.app */,
			);
			name = Products;
			sourceTree = "<group>";
		};
		22E4D0F62D68A5860028AE49 /* Preview Content */ = {
			isa = PBXGroup;
			children = (
				22E4D0F52D68A5860028AE49 /* Preview Assets.xcassets */,
			);
			path = "Preview Content";
			sourceTree = "<group>";
		};
		22E4D0FB2D68A5860028AE49 /* RestaurantApp */ = {
			isa = PBXGroup;
			children = (
				22E4D0FA2D68A5860028AE49 /* .gitignore */,
			);
			path = RestaurantApp;
			sourceTree = "<group>";
		};
/* End PBXGroup section */

/* Begin PBXNativeTarget section */
		2218EA842D64AA3900CE14F6 /* RestaurantApp */ = {
			isa = PBXNativeTarget;
			buildConfigurationList = 2218EA932D64AA3C00CE14F6 /* Build configuration list for PBXNativeTarget "RestaurantApp" */;
			buildPhases = (
				2218EA812D64AA3900CE14F6 /* Sources */,
				2218EA822D64AA3900CE14F6 /* Frameworks */,
				2218EA832D64AA3900CE14F6 /* Resources */,
			);
			buildRules = (
			);
			dependencies = (
			);
			fileSystemSynchronizedGroups = (
				2218EA872D64AA3900CE14F6 /* RestaurantApp */,
			);
			name = RestaurantApp;
			packageProductDependencies = (
			);
			productName = RestaurantApp;
			productReference = 2218EA852D64AA3900CE14F6 /* RestaurantApp.app */;
			productType = "com.apple.product-type.application";
		};
/* End PBXNativeTarget section */

/* Begin PBXProject section */
		2218EA7D2D64AA3900CE14F6 /* Project object */ = {
			isa = PBXProject;
			attributes = {
				BuildIndependentTargetsInParallel = 1;
				LastSwiftUpdateCheck = 1620;
				LastUpgradeCheck = 1620;
				TargetAttributes = {
					2218EA842D64AA3900CE14F6 = {
						CreatedOnToolsVersion = 16.2;
						LastSwiftMigration = 1620;
					};
				};
			};
			buildConfigurationList = 2218EA802D64AA3900CE14F6 /* Build configuration list for PBXProject "RestaurantApp" */;
			developmentRegion = en;
			hasScannedForEncodings = 0;
			knownRegions = (
				en,
				Base,
			);
			mainGroup = 2218EA7C2D64AA3900CE14F6;
			minimizedProjectReferenceProxies = 1;
			preferredProjectObjectVersion = 77;
			productRefGroup = 2218EA862D64AA3900CE14F6 /* Products */;
			projectDirPath = "";
			projectRoot = "";
			targets = (
				2218EA842D64AA3900CE14F6 /* RestaurantApp */,
			);
		};
/* End PBXProject section */

/* Begin PBXResourcesBuildPhase section */
		2218EA832D64AA3900CE14F6 /* Resources */ = {
			isa = PBXResourcesBuildPhase;
			buildActionMask = 2147483647;
			files = (
				22E4D1182D68A5860028AE49 /* README.md in Resources */,
				22E4D1192D68A5860028AE49 /* Assets.xcassets in Resources */,
				22E4D11A2D68A5860028AE49 /* Preview Assets.xcassets in Resources */,
				22E4D11B2D68A5860028AE49 /* .gitignore in Resources */,
			);
			runOnlyForDeploymentPostprocessing = 0;
		};
/* End PBXResourcesBuildPhase section */

/* Begin PBXSourcesBuildPhase section */
		2218EA812D64AA3900CE14F6 /* Sources */ = {
			isa = PBXSourcesBuildPhase;
			buildActionMask = 2147483647;
			files = (
				22E4D1072D68A5860028AE49 /* RestaurantRow.swift in Sources */,
				22E4D1082D68A5860028AE49 /* UserManager.swift in Sources */,
				22E4D1092D68A5860028AE49 /* RestaurantDetailView.swift in Sources */,
				22E4D10A2D68A5860028AE49 /* OrderView.swift in Sources */,
				22E4D10B2D68A5860028AE49 /* Menu.swift in Sources */,
				22E4D10C2D68A5860028AE49 /* Review.swift in Sources */,
				22E4D10D2D68A5860028AE49 /* Dish.swift in Sources */,
				22E4D10E2D68A5860028AE49 /* Order.swift in Sources */,
				22D9884D2D6A291800C17019 /* FavoritesView.swift in Sources */,
				22E4D10F2D68A5860028AE49 /* RestaurantListView.swift in Sources */,
				22E4D1102D68A5860028AE49 /* RestaurantViewModel.swift in Sources */,
				22E4D1112D68A5860028AE49 /* ProfileView.swift in Sources */,
				22E4D1122D68A5860028AE49 /* Restaurant.swift in Sources */,
				22E4D1132D68A5860028AE49 /* User.swift in Sources */,
				22E4D1142D68A5860028AE49 /* MainTabView.swift in Sources */,
				22E4D1152D68A5860028AE49 /* MenuView.swift in Sources */,
				22E4D1162D68A5860028AE49 /* RestaurantApp.swift in Sources */,
				22E4D1172D68A5860028AE49 /* OrderManager.swift in Sources */,
			);
			runOnlyForDeploymentPostprocessing = 0;
		};
/* End PBXSourcesBuildPhase section */

/* Begin XCBuildConfiguration section */
		2218EA912D64AA3C00CE14F6 /* Debug */ = {
			isa = XCBuildConfiguration;
			buildSettings = {
				ALWAYS_SEARCH_USER_PATHS = NO;
				ASSETCATALOG_COMPILER_GENERATE_SWIFT_ASSET_SYMBOL_EXTENSIONS = YES;
				CLANG_ANALYZER_NONNULL = YES;
				CLANG_ANALYZER_NUMBER_OBJECT_CONVERSION = YES_AGGRESSIVE;
				CLANG_CXX_LANGUAGE_STANDARD = "gnu++20";
				CLANG_ENABLE_MODULES = YES;
				CLANG_ENABLE_OBJC_ARC = YES;
				CLANG_ENABLE_OBJC_WEAK = YES;
				CLANG_WARN_BLOCK_CAPTURE_AUTORELEASING = YES;
				CLANG_WARN_BOOL_CONVERSION = YES;
				CLANG_WARN_COMMA = YES;
				CLANG_WARN_CONSTANT_CONVERSION = YES;
				CLANG_WARN_DEPRECATED_OBJC_IMPLEMENTATIONS = YES;
				CLANG_WARN_DIRECT_OBJC_ISA_USAGE = YES_ERROR;
				CLANG_WARN_DOCUMENTATION_COMMENTS = YES;
				CLANG_WARN_EMPTY_BODY = YES;
				CLANG_WARN_ENUM_CONVERSION = YES;
				CLANG_WARN_INFINITE_RECURSION = YES;
				CLANG_WARN_INT_CONVERSION = YES;
				CLANG_WARN_NON_LITERAL_NULL_CONVERSION = YES;
				CLANG_WARN_OBJC_IMPLICIT_RETAIN_SELF = YES;
				CLANG_WARN_OBJC_LITERAL_CONVERSION = YES;
				CLANG_WARN_OBJC_ROOT_CLASS = YES_ERROR;
				CLANG_WARN_QUOTED_INCLUDE_IN_FRAMEWORK_HEADER = YES;
				CLANG_WARN_RANGE_LOOP_ANALYSIS = YES;
				CLANG_WARN_STRICT_PROTOTYPES = YES;
				CLANG_WARN_SUSPICIOUS_MOVE = YES;
				CLANG_WARN_UNGUARDED_AVAILABILITY = YES_AGGRESSIVE;
				CLANG_WARN_UNREACHABLE_CODE = YES;
				CLANG_WARN__DUPLICATE_METHOD_MATCH = YES;
				COPY_PHASE_STRIP = NO;
				DEBUG_INFORMATION_FORMAT = dwarf;
				ENABLE_STRICT_OBJC_MSGSEND = YES;
				ENABLE_TESTABILITY = YES;
				ENABLE_USER_SCRIPT_SANDBOXING = YES;
				GCC_C_LANGUAGE_STANDARD = gnu17;
				GCC_DYNAMIC_NO_PIC = NO;
				GCC_NO_COMMON_BLOCKS = YES;
				GCC_OPTIMIZATION_LEVEL = 0;
				GCC_PREPROCESSOR_DEFINITIONS = (
					"DEBUG=1",
					"$(inherited)",
				);
				GCC_WARN_64_TO_32_BIT_CONVERSION = YES;
				GCC_WARN_ABOUT_RETURN_TYPE = YES_ERROR;
				GCC_WARN_UNDECLARED_SELECTOR = YES;
				GCC_WARN_UNINITIALIZED_AUTOS = YES_AGGRESSIVE;
				GCC_WARN_UNUSED_FUNCTION = YES;
				GCC_WARN_UNUSED_VARIABLE = YES;
				IPHONEOS_DEPLOYMENT_TARGET = 18.2;
				LOCALIZATION_PREFERS_STRING_CATALOGS = YES;
				MTL_ENABLE_DEBUG_INFO = INCLUDE_SOURCE;
				MTL_FAST_MATH = YES;
				ONLY_ACTIVE_ARCH = YES;
				SDKROOT = iphoneos;
				SWIFT_ACTIVE_COMPILATION_CONDITIONS = "DEBUG $(inherited)";
				SWIFT_OPTIMIZATION_LEVEL = "-Onone";
			};
			name = Debug;
		};
		2218EA922D64AA3C00CE14F6 /* Release */ = {
			isa = XCBuildConfiguration;
			buildSettings = {
				ALWAYS_SEARCH_USER_PATHS = NO;
				ASSETCATALOG_COMPILER_GENERATE_SWIFT_ASSET_SYMBOL_EXTENSIONS = YES;
				CLANG_ANALYZER_NONNULL = YES;
				CLANG_ANALYZER_NUMBER_OBJECT_CONVERSION = YES_AGGRESSIVE;
				CLANG_CXX_LANGUAGE_STANDARD = "gnu++20";
				CLANG_ENABLE_MODULES = YES;
				CLANG_ENABLE_OBJC_ARC = YES;
				CLANG_ENABLE_OBJC_WEAK = YES;
				CLANG_WARN_BLOCK_CAPTURE_AUTORELEASING = YES;
				CLANG_WARN_BOOL_CONVERSION = YES;
				CLANG_WARN_COMMA = YES;
				CLANG_WARN_CONSTANT_CONVERSION = YES;
				CLANG_WARN_DEPRECATED_OBJC_IMPLEMENTATIONS = YES;
				CLANG_WARN_DIRECT_OBJC_ISA_USAGE = YES_ERROR;
				CLANG_WARN_DOCUMENTATION_COMMENTS = YES;
				CLANG_WARN_EMPTY_BODY = YES;
				CLANG_WARN_ENUM_CONVERSION = YES;
				CLANG_WARN_INFINITE_RECURSION = YES;
				CLANG_WARN_INT_CONVERSION = YES;
				CLANG_WARN_NON_LITERAL_NULL_CONVERSION = YES;
				CLANG_WARN_OBJC_IMPLICIT_RETAIN_SELF = YES;
				CLANG_WARN_OBJC_LITERAL_CONVERSION = YES;
				CLANG_WARN_OBJC_ROOT_CLASS = YES_ERROR;
				CLANG_WARN_QUOTED_INCLUDE_IN_FRAMEWORK_HEADER = YES;
				CLANG_WARN_RANGE_LOOP_ANALYSIS = YES;
				CLANG_WARN_STRICT_PROTOTYPES = YES;
				CLANG_WARN_SUSPICIOUS_MOVE = YES;
				CLANG_WARN_UNGUARDED_AVAILABILITY = YES_AGGRESSIVE;
				CLANG_WARN_UNREACHABLE_CODE = YES;
				CLANG_WARN__DUPLICATE_METHOD_MATCH = YES;
				COPY_PHASE_STRIP = NO;
				DEBUG_INFORMATION_FORMAT = "dwarf-with-dsym";
				ENABLE_NS_ASSERTIONS = NO;
				ENABLE_STRICT_OBJC_MSGSEND = YES;
				ENABLE_USER_SCRIPT_SANDBOXING = YES;
				GCC_C_LANGUAGE_STANDARD = gnu17;
				GCC_NO_COMMON_BLOCKS = YES;
				GCC_WARN_64_TO_32_BIT_CONVERSION = YES;
				GCC_WARN_ABOUT_RETURN_TYPE = YES_ERROR;
				GCC_WARN_UNDECLARED_SELECTOR = YES;
				GCC_WARN_UNINITIALIZED_AUTOS = YES_AGGRESSIVE;
				GCC_WARN_UNUSED_FUNCTION = YES;
				GCC_WARN_UNUSED_VARIABLE = YES;
				IPHONEOS_DEPLOYMENT_TARGET = 18.2;
				LOCALIZATION_PREFERS_STRING_CATALOGS = YES;
				MTL_ENABLE_DEBUG_INFO = NO;
				MTL_FAST_MATH = YES;
				SDKROOT = iphoneos;
				SWIFT_COMPILATION_MODE = wholemodule;
				VALIDATE_PRODUCT = YES;
			};
			name = Release;
		};
		2218EA942D64AA3C00CE14F6 /* Debug */ = {
			isa = XCBuildConfiguration;
			buildSettings = {
				ASSETCATALOG_COMPILER_APPICON_NAME = AppIcon;
				ASSETCATALOG_COMPILER_GLOBAL_ACCENT_COLOR_NAME = AccentColor;
				CLANG_ENABLE_MODULES = YES;
				CODE_SIGN_STYLE = Automatic;
				CURRENT_PROJECT_VERSION = 1;
				DEVELOPMENT_ASSET_PATHS = "";
				DEVELOPMENT_TEAM = W6Y4F7RJ5B;
				ENABLE_PREVIEWS = YES;
				GENERATE_INFOPLIST_FILE = YES;
				INFOPLIST_KEY_UIApplicationSceneManifest_Generation = YES;
				INFOPLIST_KEY_UIApplicationSupportsIndirectInputEvents = YES;
				INFOPLIST_KEY_UILaunchScreen_Generation = YES;
				INFOPLIST_KEY_UISupportedInterfaceOrientations_iPad = "UIInterfaceOrientationPortrait UIInterfaceOrientationPortraitUpsideDown UIInterfaceOrientationLandscapeLeft UIInterfaceOrientationLandscapeRight";
				INFOPLIST_KEY_UISupportedInterfaceOrientations_iPhone = "UIInterfaceOrientationPortrait UIInterfaceOrientationLandscapeLeft UIInterfaceOrientationLandscapeRight";
				LD_RUNPATH_SEARCH_PATHS = (
					"$(inherited)",
					"@executable_path/Frameworks",
				);
				MARKETING_VERSION = 1.0;
				NEW_SETTING = "";
				PRODUCT_BUNDLE_IDENTIFIER = com.charlesnebo.RestaurantApp;
				PRODUCT_NAME = "$(TARGET_NAME)";
				SWIFT_EMIT_LOC_STRINGS = YES;
				SWIFT_OPTIMIZATION_LEVEL = "-Onone";
				SWIFT_VERSION = 5.0;
				TARGETED_DEVICE_FAMILY = "1,2";
			};
			name = Debug;
		};
		2218EA952D64AA3C00CE14F6 /* Release */ = {
			isa = XCBuildConfiguration;
			buildSettings = {
				ASSETCATALOG_COMPILER_APPICON_NAME = AppIcon;
				ASSETCATALOG_COMPILER_GLOBAL_ACCENT_COLOR_NAME = AccentColor;
				CLANG_ENABLE_MODULES = YES;
				CODE_SIGN_STYLE = Automatic;
				CURRENT_PROJECT_VERSION = 1;
				DEVELOPMENT_ASSET_PATHS = "";
				DEVELOPMENT_TEAM = W6Y4F7RJ5B;
				ENABLE_PREVIEWS = YES;
				GENERATE_INFOPLIST_FILE = YES;
				INFOPLIST_KEY_UIApplicationSceneManifest_Generation = YES;
				INFOPLIST_KEY_UIApplicationSupportsIndirectInputEvents = YES;
				INFOPLIST_KEY_UILaunchScreen_Generation = YES;
				INFOPLIST_KEY_UISupportedInterfaceOrientations_iPad = "UIInterfaceOrientationPortrait UIInterfaceOrientationPortraitUpsideDown UIInterfaceOrientationLandscapeLeft UIInterfaceOrientationLandscapeRight";
				INFOPLIST_KEY_UISupportedInterfaceOrientations_iPhone = "UIInterfaceOrientationPortrait UIInterfaceOrientationLandscapeLeft UIInterfaceOrientationLandscapeRight";
				LD_RUNPATH_SEARCH_PATHS = (
					"$(inherited)",
					"@executable_path/Frameworks",
				);
				MARKETING_VERSION = 1.0;
				NEW_SETTING = "";
				PRODUCT_BUNDLE_IDENTIFIER = com.charlesnebo.RestaurantApp;
				PRODUCT_NAME = "$(TARGET_NAME)";
				SWIFT_EMIT_LOC_STRINGS = YES;
				SWIFT_VERSION = 5.0;
				TARGETED_DEVICE_FAMILY = "1,2";
			};
			name = Release;
		};
/* End XCBuildConfiguration section */

/* Begin XCConfigurationList section */
		2218EA802D64AA3900CE14F6 /* Build configuration list for PBXProject "RestaurantApp" */ = {
			isa = XCConfigurationList;
			buildConfigurations = (
				2218EA912D64AA3C00CE14F6 /* Debug */,
				2218EA922D64AA3C00CE14F6 /* Release */,
			);
			defaultConfigurationIsVisible = 0;
			defaultConfigurationName = Release;
		};
		2218EA932D64AA3C00CE14F6 /* Build configuration list for PBXNativeTarget "RestaurantApp" */ = {
			isa = XCConfigurationList;
			buildConfigurations = (
				2218EA942D64AA3C00CE14F6 /* Debug */,
				2218EA952D64AA3C00CE14F6 /* Release */,
			);
			defaultConfigurationIsVisible = 0;
			defaultConfigurationName = Release;
		};
/* End XCConfigurationList section */
	};
	rootObject = 2218EA7D2D64AA3900CE14F6 /* Project object */;
}
